<?xml version="1.0" encoding="utf-8"?>
<Project ToolsVersion="4.0" xmlns="http://schemas.microsoft.com/developer/msbuild/2003">
  <ItemGroup>
    <Filter Include="소스 파일">
      <UniqueIdentifier>{4FC737F1-C7A5-4376-A066-2A32D752A2FF}</UniqueIdentifier>
      <Extensions>cpp;c;cc;cxx;def;odl;idl;hpj;bat;asm;asmx</Extensions>
    </Filter>
    <Filter Include="헤더 파일">
      <UniqueIdentifier>{93995380-89BD-4b04-88EB-625FBE52EBFB}</UniqueIdentifier>
      <Extensions>h;hh;hpp;hxx;hm;inl;inc;ipp;xsd</Extensions>
    </Filter>
    <Filter Include="리소스 파일">
      <UniqueIdentifier>{67DA6AB6-F800-4c08-8B7A-83BB121AAD01}</UniqueIdentifier>
      <Extensions>rc;ico;cur;bmp;dlg;rc2;rct;bin;rgs;gif;jpg;jpeg;jpe;resx;tiff;tif;png;wav;mfcribbon-ms</Extensions>
    </Filter>
    <Filter Include="Dx2D Framework">
      <UniqueIdentifier>{e119a7b3-49ff-4389-bb11-8cf6bbd51c74}</UniqueIdentifier>
    </Filter>
    <Filter Include="Dx2D Framework\1. MainClasses">
      <UniqueIdentifier>{a19b2f30-dba7-4270-8bce-97836790dcd2}</UniqueIdentifier>
    </Filter>
    <Filter Include="Dx2D Framework\0. Shader">
      <UniqueIdentifier>{449585de-6606-4c08-82f9-e765458e98c8}</UniqueIdentifier>
    </Filter>
    <Filter Include="Dx2D Framework\3. Objects">
      <UniqueIdentifier>{2324adc8-8a36-4b63-bd2a-2fbf41ce94c2}</UniqueIdentifier>
    </Filter>
    <Filter Include="Dx2D Framework\2. Manager">
      <UniqueIdentifier>{b48d6798-a5cf-40d8-8bd4-71ab9796a3f8}</UniqueIdentifier>
    </Filter>
    <Filter Include="Dx2D Framework\2. Manager\Key">
      <UniqueIdentifier>{889bdbff-7f3e-4354-9bd1-471d8c6edabc}</UniqueIdentifier>
    </Filter>
    <Filter Include="Dx2D Framework\2. Manager\Time">
      <UniqueIdentifier>{f96d3bee-698d-4958-9e72-059f52dbe6e1}</UniqueIdentifier>
    </Filter>
    <Filter Include="Dx2D Framework\2. Manager\Texture">
      <UniqueIdentifier>{92938835-7902-467e-b294-263d8c631ab7}</UniqueIdentifier>
    </Filter>
    <Filter Include="Dx2D Framework\4. GameClasses">
      <UniqueIdentifier>{8b438f2b-bdb5-4b37-8c3e-a6177688e89a}</UniqueIdentifier>
    </Filter>
    <Filter Include="Dx2D Framework\2. Manager\Sound">
      <UniqueIdentifier>{3ac57d17-9cb1-4daa-a82b-e0e8e5758d42}</UniqueIdentifier>
    </Filter>
    <Filter Include="Dx2D Framework\2. Manager\Text">
      <UniqueIdentifier>{93f13527-d5b2-4253-8ad8-51c578d8f590}</UniqueIdentifier>
    </Filter>
    <Filter Include="Dx2D Framework\2. Manager\File">
      <UniqueIdentifier>{942fbf0b-5b0c-4d8b-8be4-a335e823d60f}</UniqueIdentifier>
    </Filter>
  </ItemGroup>
  <ItemGroup>
    <ClInclude Include="targetver.h">
      <Filter>헤더 파일</Filter>
    </ClInclude>
    <ClInclude Include="Resource.h">
      <Filter>헤더 파일</Filter>
    </ClInclude>
    <ClInclude Include="MainGame.h">
      <Filter>Dx2D Framework\1. MainClasses</Filter>
    </ClInclude>
    <ClInclude Include="iGameNode.h">
      <Filter>Dx2D Framework\1. MainClasses</Filter>
    </ClInclude>
    <ClInclude Include="stdafx.h">
      <Filter>Dx2D Framework\1. MainClasses</Filter>
    </ClInclude>
    <ClInclude Include="Dx2D.h">
      <Filter>Dx2D Framework\1. MainClasses</Filter>
    </ClInclude>
    <ClInclude Include="DxComponent.h">
      <Filter>Dx2D Framework\1. MainClasses</Filter>
    </ClInclude>
    <ClInclude Include="Rect.h">
      <Filter>Dx2D Framework\3. Objects</Filter>
    </ClInclude>
    <ClInclude Include="KeyManager.h">
      <Filter>Dx2D Framework\2. Manager\Key</Filter>
    </ClInclude>
    <ClInclude Include="SingletonBase.h">
      <Filter>Dx2D Framework\2. Manager</Filter>
    </ClInclude>
    <ClInclude Include="Circle.h">
      <Filter>Dx2D Framework\3. Objects</Filter>
    </ClInclude>
    <ClInclude Include="Primitive2DObejct.h">
      <Filter>Dx2D Framework\3. Objects</Filter>
    </ClInclude>
    <ClInclude Include="Sprite.h">
      <Filter>Dx2D Framework\3. Objects</Filter>
    </ClInclude>
    <ClInclude Include="Shader.h">
      <Filter>Dx2D Framework\3. Objects</Filter>
    </ClInclude>
    <ClInclude Include="Utility.h">
      <Filter>Dx2D Framework\1. MainClasses</Filter>
    </ClInclude>
    <ClInclude Include="TimeManager.h">
      <Filter>Dx2D Framework\2. Manager\Time</Filter>
    </ClInclude>
    <ClInclude Include="Timer.h">
      <Filter>Dx2D Framework\2. Manager\Time</Filter>
    </ClInclude>
    <ClInclude Include="Clip.h">
      <Filter>Dx2D Framework\3. Objects</Filter>
    </ClInclude>
    <ClInclude Include="Animation.h">
      <Filter>Dx2D Framework\3. Objects</Filter>
    </ClInclude>
    <ClInclude Include="TextureManager.h">
      <Filter>Dx2D Framework\2. Manager\Texture</Filter>
    </ClInclude>
    <ClInclude Include="Player.h">
      <Filter>Dx2D Framework\4. GameClasses</Filter>
    </ClInclude>
    <ClInclude Include="Map.h">
      <Filter>Dx2D Framework\4. GameClasses</Filter>
    </ClInclude>
    <ClInclude Include="MapObject.h">
      <Filter>Dx2D Framework\4. GameClasses</Filter>
    </ClInclude>
    <ClInclude Include="SoundManager.h">
      <Filter>Dx2D Framework\2. Manager\Sound</Filter>
    </ClInclude>
    <ClInclude Include="TextManager.h">
      <Filter>Dx2D Framework\2. Manager\Text</Filter>
    </ClInclude>
    <ClInclude Include="FileManager.h">
      <Filter>Dx2D Framework\2. Manager\File</Filter>
    </ClInclude>
    <ClInclude Include="PlayerBullet.h">
      <Filter>Dx2D Framework\4. GameClasses</Filter>
    </ClInclude>
    <ClInclude Include="ProgressBar.h">
      <Filter>Dx2D Framework\4. GameClasses</Filter>
    </ClInclude>
  </ItemGroup>
  <ItemGroup>
    <ClCompile Include="MainGame.cpp">
      <Filter>Dx2D Framework\1. MainClasses</Filter>
    </ClCompile>
    <ClCompile Include="stdafx.cpp">
      <Filter>Dx2D Framework\1. MainClasses</Filter>
    </ClCompile>
    <ClCompile Include="Dx2D.cpp">
      <Filter>Dx2D Framework\1. MainClasses</Filter>
    </ClCompile>
    <ClCompile Include="Rect.cpp">
      <Filter>Dx2D Framework\3. Objects</Filter>
    </ClCompile>
    <ClCompile Include="KeyManager.cpp">
      <Filter>Dx2D Framework\2. Manager\Key</Filter>
    </ClCompile>
    <ClCompile Include="Circle.cpp">
      <Filter>Dx2D Framework\3. Objects</Filter>
    </ClCompile>
    <ClCompile Include="Primitive2DObejct.cpp">
      <Filter>Dx2D Framework\3. Objects</Filter>
    </ClCompile>
    <ClCompile Include="Sprite.cpp">
      <Filter>Dx2D Framework\3. Objects</Filter>
    </ClCompile>
    <ClCompile Include="Shader.cpp">
      <Filter>Dx2D Framework\3. Objects</Filter>
    </ClCompile>
    <ClCompile Include="TimeManager.cpp">
      <Filter>Dx2D Framework\2. Manager\Time</Filter>
    </ClCompile>
    <ClCompile Include="Timer.cpp">
      <Filter>Dx2D Framework\2. Manager\Time</Filter>
    </ClCompile>
    <ClCompile Include="Clip.cpp">
      <Filter>Dx2D Framework\3. Objects</Filter>
    </ClCompile>
    <ClCompile Include="Animation.cpp">
      <Filter>Dx2D Framework\3. Objects</Filter>
    </ClCompile>
    <ClCompile Include="TextureManager.cpp">
      <Filter>Dx2D Framework\2. Manager\Texture</Filter>
    </ClCompile>
    <ClCompile Include="Player.cpp">
      <Filter>Dx2D Framework\4. GameClasses</Filter>
    </ClCompile>
    <ClCompile Include="Map.cpp">
      <Filter>Dx2D Framework\4. GameClasses</Filter>
    </ClCompile>
    <ClCompile Include="MapObject.cpp">
      <Filter>Dx2D Framework\4. GameClasses</Filter>
    </ClCompile>
    <ClCompile Include="SoundManager.cpp">
      <Filter>Dx2D Framework\2. Manager\Sound</Filter>
    </ClCompile>
    <ClCompile Include="TextManager.cpp">
      <Filter>Dx2D Framework\2. Manager\Text</Filter>
    </ClCompile>
    <ClCompile Include="FileManager.cpp">
      <Filter>Dx2D Framework\2. Manager\File</Filter>
    </ClCompile>
    <ClCompile Include="PlayerBullet.cpp">
      <Filter>Dx2D Framework\4. GameClasses</Filter>
    </ClCompile>
    <ClCompile Include="ProgressBar.cpp">
      <Filter>Dx2D Framework\4. GameClasses</Filter>
    </ClCompile>
  </ItemGroup>
  <ItemGroup>
    <ResourceCompile Include="Dx2D.rc">
      <Filter>리소스 파일</Filter>
    </ResourceCompile>
  </ItemGroup>
  <ItemGroup>
    <Image Include="small.ico">
      <Filter>리소스 파일</Filter>
    </Image>
    <Image Include="Dx2D.ico">
      <Filter>리소스 파일</Filter>
    </Image>
  </ItemGroup>
  <ItemGroup>
    <FxCompile Include="..\..\_Shader\Color.hlsl">
      <Filter>Dx2D Framework\0. Shader</Filter>
    </FxCompile>
    <FxCompile Include="..\..\_Shader\Sprite.hlsl">
      <Filter>Dx2D Framework\0. Shader</Filter>
    </FxCompile>
  </ItemGroup>
</Project>